
Microsoft Visual Studio Solution File, Format Version 12.00
# Visual Studio Version 16
VisualStudioVersion = 16.0.31605.320
MinimumVisualStudioVersion = 10.0.40219.1
Project("{9A19103F-16F7-4668-BE54-9A1E7A4F7556}") = "Lib", "Lib\Lib.csproj", "{CF575E29-A3FC-4D98-8C58-FE9C95EDC333}"
EndProject
Project("{FAE04EC0-301F-11D3-BF4B-00C04F79EFBC}") = "Test.Android", "Test\Test.Android\Test.Android.csproj", "{BB94BD22-431F-4A79-991F-ACF07707EE9F}"
EndProject
Project("{FAE04EC0-301F-11D3-BF4B-00C04F79EFBC}") = "Test.iOS", "Test\Test.iOS\Test.iOS.csproj", "{630F9690-5EC9-4BFA-8090-5ED7038EB4C5}"
EndProject
Project("{9A19103F-16F7-4668-BE54-9A1E7A4F7556}") = "Test", "Test\Test\Test.csproj", "{AEC19D61-AFB9-4E5E-A240-D48257936743}"
EndProject
Project("{9A19103F-16F7-4668-BE54-9A1E7A4F7556}") = "ModalPage", "ModalPage\ModalPage.csproj", "{7B30E449-6020-438E-AE49-03AD5D9A1A77}"
EndProject
Project("{2150E333-8FDC-42A3-9474-1A3956D46DE8}") = "Tests", "Tests", "{1E3ECC08-2093-49A0-80DE-66DA2E8F47B0}"
EndProject
Project("{2150E333-8FDC-42A3-9474-1A3956D46DE8}") = "ModalPage", "ModalPage", "{BFECDC71-C5CE-4F01-B67F-F3F244F403DB}"
EndProject
Project("{FAE04EC0-301F-11D3-BF4B-00C04F79EFBC}") = "ModalPageTest.Android", "Tests\ModalPage\ModalPageTest\ModalPageTest.Android\ModalPageTest.Android.csproj", "{C97363F2-9EDE-44B8-B9EE-8DBFA740FE41}"
EndProject
Project("{FAE04EC0-301F-11D3-BF4B-00C04F79EFBC}") = "ModalPageTest.iOS", "Tests\ModalPage\ModalPageTest\ModalPageTest.iOS\ModalPageTest.iOS.csproj", "{55F9D735-75CC-42E4-B3EA-F9979131B8CB}"
EndProject
Project("{FAE04EC0-301F-11D3-BF4B-00C04F79EFBC}") = "ModalPageTest", "Tests\ModalPage\ModalPageTest\ModalPageTest\ModalPageTest.csproj", "{C6028DD7-AD19-4226-8876-663E43B332D2}"
EndProject
Project("{FAE04EC0-301F-11D3-BF4B-00C04F79EFBC}") = "Ext", "Ext\Ext.csproj", "{F709E375-7253-4F4C-B721-83C0F5EE23FC}"
EndProject
Global
	GlobalSection(SolutionConfigurationPlatforms) = preSolution
		Ad-Hoc|Any CPU = Ad-Hoc|Any CPU
		Ad-Hoc|iPhone = Ad-Hoc|iPhone
		Ad-Hoc|iPhoneSimulator = Ad-Hoc|iPhoneSimulator
		AppStore|Any CPU = AppStore|Any CPU
		AppStore|iPhone = AppStore|iPhone
		AppStore|iPhoneSimulator = AppStore|iPhoneSimulator
		Debug|Any CPU = Debug|Any CPU
		Debug|iPhone = Debug|iPhone
		Debug|iPhoneSimulator = Debug|iPhoneSimulator
		Release|Any CPU = Release|Any CPU
		Release|iPhone = Release|iPhone
		Release|iPhoneSimulator = Release|iPhoneSimulator
	EndGlobalSection
	GlobalSection(ProjectConfigurationPlatforms) = postSolution
		{CF575E29-A3FC-4D98-8C58-FE9C95EDC333}.Ad-Hoc|Any CPU.ActiveCfg = Debug|Any CPU
		{CF575E29-A3FC-4D98-8C58-FE9C95EDC333}.Ad-Hoc|Any CPU.Build.0 = Debug|Any CPU
		{CF575E29-A3FC-4D98-8C58-FE9C95EDC333}.Ad-Hoc|iPhone.ActiveCfg = Debug|Any CPU
		{CF575E29-A3FC-4D98-8C58-FE9C95EDC333}.Ad-Hoc|iPhone.Build.0 = Debug|Any CPU
		{CF575E29-A3FC-4D98-8C58-FE9C95EDC333}.Ad-Hoc|iPhoneSimulator.ActiveCfg = Debug|Any CPU
		{CF575E29-A3FC-4D98-8C58-FE9C95EDC333}.Ad-Hoc|iPhoneSimulator.Build.0 = Debug|Any CPU
		{CF575E29-A3FC-4D98-8C58-FE9C95EDC333}.AppStore|Any CPU.ActiveCfg = Debug|Any CPU
		{CF575E29-A3FC-4D98-8C58-FE9C95EDC333}.AppStore|Any CPU.Build.0 = Debug|Any CPU
		{CF575E29-A3FC-4D98-8C58-FE9C95EDC333}.AppStore|iPhone.ActiveCfg = Debug|Any CPU
		{CF575E29-A3FC-4D98-8C58-FE9C95EDC333}.AppStore|iPhone.Build.0 = Debug|Any CPU
		{CF575E29-A3FC-4D98-8C58-FE9C95EDC333}.AppStore|iPhoneSimulator.ActiveCfg = Debug|Any CPU
		{CF575E29-A3FC-4D98-8C58-FE9C95EDC333}.AppStore|iPhoneSimulator.Build.0 = Debug|Any CPU
		{CF575E29-A3FC-4D98-8C58-FE9C95EDC333}.Debug|Any CPU.ActiveCfg = Debug|Any CPU
		{CF575E29-A3FC-4D98-8C58-FE9C95EDC333}.Debug|Any CPU.Build.0 = Debug|Any CPU
		{CF575E29-A3FC-4D98-8C58-FE9C95EDC333}.Debug|iPhone.ActiveCfg = Debug|Any CPU
		{CF575E29-A3FC-4D98-8C58-FE9C95EDC333}.Debug|iPhone.Build.0 = Debug|Any CPU
		{CF575E29-A3FC-4D98-8C58-FE9C95EDC333}.Debug|iPhoneSimulator.ActiveCfg = Debug|Any CPU
		{CF575E29-A3FC-4D98-8C58-FE9C95EDC333}.Debug|iPhoneSimulator.Build.0 = Debug|Any CPU
		{CF575E29-A3FC-4D98-8C58-FE9C95EDC333}.Release|Any CPU.ActiveCfg = Release|Any CPU
		{CF575E29-A3FC-4D98-8C58-FE9C95EDC333}.Release|Any CPU.Build.0 = Release|Any CPU
		{CF575E29-A3FC-4D98-8C58-FE9C95EDC333}.Release|iPhone.ActiveCfg = Release|Any CPU
		{CF575E29-A3FC-4D98-8C58-FE9C95EDC333}.Release|iPhone.Build.0 = Release|Any CPU
		{CF575E29-A3FC-4D98-8C58-FE9C95EDC333}.Release|iPhoneSimulator.ActiveCfg = Release|Any CPU
		{CF575E29-A3FC-4D98-8C58-FE9C95EDC333}.Release|iPhoneSimulator.Build.0 = Release|Any CPU
		{BB94BD22-431F-4A79-991F-ACF07707EE9F}.Ad-Hoc|Any CPU.ActiveCfg = Release|Any CPU
		{BB94BD22-431F-4A79-991F-ACF07707EE9F}.Ad-Hoc|Any CPU.Build.0 = Release|Any CPU
		{BB94BD22-431F-4A79-991F-ACF07707EE9F}.Ad-Hoc|Any CPU.Deploy.0 = Release|Any CPU
		{BB94BD22-431F-4A79-991F-ACF07707EE9F}.Ad-Hoc|iPhone.ActiveCfg = Release|Any CPU
		{BB94BD22-431F-4A79-991F-ACF07707EE9F}.Ad-Hoc|iPhone.Build.0 = Release|Any CPU
		{BB94BD22-431F-4A79-991F-ACF07707EE9F}.Ad-Hoc|iPhone.Deploy.0 = Release|Any CPU
		{BB94BD22-431F-4A79-991F-ACF07707EE9F}.Ad-Hoc|iPhoneSimulator.ActiveCfg = Release|Any CPU
		{BB94BD22-431F-4A79-991F-ACF07707EE9F}.Ad-Hoc|iPhoneSimulator.Build.0 = Release|Any CPU
		{BB94BD22-431F-4A79-991F-ACF07707EE9F}.Ad-Hoc|iPhoneSimulator.Deploy.0 = Release|Any CPU
		{BB94BD22-431F-4A79-991F-ACF07707EE9F}.AppStore|Any CPU.ActiveCfg = Release|Any CPU
		{BB94BD22-431F-4A79-991F-ACF07707EE9F}.AppStore|Any CPU.Build.0 = Release|Any CPU
		{BB94BD22-431F-4A79-991F-ACF07707EE9F}.AppStore|Any CPU.Deploy.0 = Release|Any CPU
		{BB94BD22-431F-4A79-991F-ACF07707EE9F}.AppStore|iPhone.ActiveCfg = Release|Any CPU
		{BB94BD22-431F-4A79-991F-ACF07707EE9F}.AppStore|iPhone.Build.0 = Release|Any CPU
		{BB94BD22-431F-4A79-991F-ACF07707EE9F}.AppStore|iPhone.Deploy.0 = Release|Any CPU
		{BB94BD22-431F-4A79-991F-ACF07707EE9F}.AppStore|iPhoneSimulator.ActiveCfg = Release|Any CPU
		{BB94BD22-431F-4A79-991F-ACF07707EE9F}.AppStore|iPhoneSimulator.Build.0 = Release|Any CPU
		{BB94BD22-431F-4A79-991F-ACF07707EE9F}.AppStore|iPhoneSimulator.Deploy.0 = Release|Any CPU
		{BB94BD22-431F-4A79-991F-ACF07707EE9F}.Debug|Any CPU.ActiveCfg = Debug|Any CPU
		{BB94BD22-431F-4A79-991F-ACF07707EE9F}.Debug|Any CPU.Build.0 = Debug|Any CPU
		{BB94BD22-431F-4A79-991F-ACF07707EE9F}.Debug|Any CPU.Deploy.0 = Debug|Any CPU
		{BB94BD22-431F-4A79-991F-ACF07707EE9F}.Debug|iPhone.ActiveCfg = Debug|Any CPU
		{BB94BD22-431F-4A79-991F-ACF07707EE9F}.Debug|iPhone.Build.0 = Debug|Any CPU
		{BB94BD22-431F-4A79-991F-ACF07707EE9F}.Debug|iPhone.Deploy.0 = Debug|Any CPU
		{BB94BD22-431F-4A79-991F-ACF07707EE9F}.Debug|iPhoneSimulator.ActiveCfg = Debug|Any CPU
		{BB94BD22-431F-4A79-991F-ACF07707EE9F}.Debug|iPhoneSimulator.Build.0 = Debug|Any CPU
		{BB94BD22-431F-4A79-991F-ACF07707EE9F}.Debug|iPhoneSimulator.Deploy.0 = Debug|Any CPU
		{BB94BD22-431F-4A79-991F-ACF07707EE9F}.Release|Any CPU.ActiveCfg = Release|Any CPU
		{BB94BD22-431F-4A79-991F-ACF07707EE9F}.Release|Any CPU.Build.0 = Release|Any CPU
		{BB94BD22-431F-4A79-991F-ACF07707EE9F}.Release|Any CPU.Deploy.0 = Release|Any CPU
		{BB94BD22-431F-4A79-991F-ACF07707EE9F}.Release|iPhone.ActiveCfg = Release|Any CPU
		{BB94BD22-431F-4A79-991F-ACF07707EE9F}.Release|iPhone.Build.0 = Release|Any CPU
		{BB94BD22-431F-4A79-991F-ACF07707EE9F}.Release|iPhone.Deploy.0 = Release|Any CPU
		{BB94BD22-431F-4A79-991F-ACF07707EE9F}.Release|iPhoneSimulator.ActiveCfg = Release|Any CPU
		{BB94BD22-431F-4A79-991F-ACF07707EE9F}.Release|iPhoneSimulator.Build.0 = Release|Any CPU
		{BB94BD22-431F-4A79-991F-ACF07707EE9F}.Release|iPhoneSimulator.Deploy.0 = Release|Any CPU
		{630F9690-5EC9-4BFA-8090-5ED7038EB4C5}.Ad-Hoc|Any CPU.ActiveCfg = Ad-Hoc|iPhone
		{630F9690-5EC9-4BFA-8090-5ED7038EB4C5}.Ad-Hoc|iPhone.ActiveCfg = Ad-Hoc|iPhone
		{630F9690-5EC9-4BFA-8090-5ED7038EB4C5}.Ad-Hoc|iPhone.Build.0 = Ad-Hoc|iPhone
		{630F9690-5EC9-4BFA-8090-5ED7038EB4C5}.Ad-Hoc|iPhoneSimulator.ActiveCfg = Ad-Hoc|iPhoneSimulator
		{630F9690-5EC9-4BFA-8090-5ED7038EB4C5}.Ad-Hoc|iPhoneSimulator.Build.0 = Ad-Hoc|iPhoneSimulator
		{630F9690-5EC9-4BFA-8090-5ED7038EB4C5}.AppStore|Any CPU.ActiveCfg = AppStore|iPhone
		{630F9690-5EC9-4BFA-8090-5ED7038EB4C5}.AppStore|iPhone.ActiveCfg = AppStore|iPhone
		{630F9690-5EC9-4BFA-8090-5ED7038EB4C5}.AppStore|iPhone.Build.0 = AppStore|iPhone
		{630F9690-5EC9-4BFA-8090-5ED7038EB4C5}.AppStore|iPhoneSimulator.ActiveCfg = AppStore|iPhoneSimulator
		{630F9690-5EC9-4BFA-8090-5ED7038EB4C5}.AppStore|iPhoneSimulator.Build.0 = AppStore|iPhoneSimulator
		{630F9690-5EC9-4BFA-8090-5ED7038EB4C5}.Debug|Any CPU.ActiveCfg = Debug|iPhone
		{630F9690-5EC9-4BFA-8090-5ED7038EB4C5}.Debug|iPhone.ActiveCfg = Debug|iPhone
		{630F9690-5EC9-4BFA-8090-5ED7038EB4C5}.Debug|iPhone.Build.0 = Debug|iPhone
		{630F9690-5EC9-4BFA-8090-5ED7038EB4C5}.Debug|iPhoneSimulator.ActiveCfg = Debug|iPhoneSimulator
		{630F9690-5EC9-4BFA-8090-5ED7038EB4C5}.Debug|iPhoneSimulator.Build.0 = Debug|iPhoneSimulator
		{630F9690-5EC9-4BFA-8090-5ED7038EB4C5}.Release|Any CPU.ActiveCfg = Release|iPhone
		{630F9690-5EC9-4BFA-8090-5ED7038EB4C5}.Release|iPhone.ActiveCfg = Release|iPhone
		{630F9690-5EC9-4BFA-8090-5ED7038EB4C5}.Release|iPhone.Build.0 = Release|iPhone
		{630F9690-5EC9-4BFA-8090-5ED7038EB4C5}.Release|iPhoneSimulator.ActiveCfg = Release|iPhoneSimulator
		{630F9690-5EC9-4BFA-8090-5ED7038EB4C5}.Release|iPhoneSimulator.Build.0 = Release|iPhoneSimulator
		{AEC19D61-AFB9-4E5E-A240-D48257936743}.Ad-Hoc|Any CPU.ActiveCfg = Debug|Any CPU
		{AEC19D61-AFB9-4E5E-A240-D48257936743}.Ad-Hoc|Any CPU.Build.0 = Debug|Any CPU
		{AEC19D61-AFB9-4E5E-A240-D48257936743}.Ad-Hoc|iPhone.ActiveCfg = Debug|Any CPU
		{AEC19D61-AFB9-4E5E-A240-D48257936743}.Ad-Hoc|iPhone.Build.0 = Debug|Any CPU
		{AEC19D61-AFB9-4E5E-A240-D48257936743}.Ad-Hoc|iPhoneSimulator.ActiveCfg = Debug|Any CPU
		{AEC19D61-AFB9-4E5E-A240-D48257936743}.Ad-Hoc|iPhoneSimulator.Build.0 = Debug|Any CPU
		{AEC19D61-AFB9-4E5E-A240-D48257936743}.AppStore|Any CPU.ActiveCfg = Debug|Any CPU
		{AEC19D61-AFB9-4E5E-A240-D48257936743}.AppStore|Any CPU.Build.0 = Debug|Any CPU
		{AEC19D61-AFB9-4E5E-A240-D48257936743}.AppStore|iPhone.ActiveCfg = Debug|Any CPU
		{AEC19D61-AFB9-4E5E-A240-D48257936743}.AppStore|iPhone.Build.0 = Debug|Any CPU
		{AEC19D61-AFB9-4E5E-A240-D48257936743}.AppStore|iPhoneSimulator.ActiveCfg = Debug|Any CPU
		{AEC19D61-AFB9-4E5E-A240-D48257936743}.AppStore|iPhoneSimulator.Build.0 = Debug|Any CPU
		{AEC19D61-AFB9-4E5E-A240-D48257936743}.Debug|Any CPU.ActiveCfg = Debug|Any CPU
		{AEC19D61-AFB9-4E5E-A240-D48257936743}.Debug|Any CPU.Build.0 = Debug|Any CPU
		{AEC19D61-AFB9-4E5E-A240-D48257936743}.Debug|iPhone.ActiveCfg = Debug|Any CPU
		{AEC19D61-AFB9-4E5E-A240-D48257936743}.Debug|iPhone.Build.0 = Debug|Any CPU
		{AEC19D61-AFB9-4E5E-A240-D48257936743}.Debug|iPhoneSimulator.ActiveCfg = Debug|Any CPU
		{AEC19D61-AFB9-4E5E-A240-D48257936743}.Debug|iPhoneSimulator.Build.0 = Debug|Any CPU
		{AEC19D61-AFB9-4E5E-A240-D48257936743}.Release|Any CPU.ActiveCfg = Release|Any CPU
		{AEC19D61-AFB9-4E5E-A240-D48257936743}.Release|Any CPU.Build.0 = Release|Any CPU
		{AEC19D61-AFB9-4E5E-A240-D48257936743}.Release|iPhone.ActiveCfg = Release|Any CPU
		{AEC19D61-AFB9-4E5E-A240-D48257936743}.Release|iPhone.Build.0 = Release|Any CPU
		{AEC19D61-AFB9-4E5E-A240-D48257936743}.Release|iPhoneSimulator.ActiveCfg = Release|Any CPU
		{AEC19D61-AFB9-4E5E-A240-D48257936743}.Release|iPhoneSimulator.Build.0 = Release|Any CPU
		{7B30E449-6020-438E-AE49-03AD5D9A1A77}.Ad-Hoc|Any CPU.ActiveCfg = Debug|Any CPU
		{7B30E449-6020-438E-AE49-03AD5D9A1A77}.Ad-Hoc|Any CPU.Build.0 = Debug|Any CPU
		{7B30E449-6020-438E-AE49-03AD5D9A1A77}.Ad-Hoc|iPhone.ActiveCfg = Debug|Any CPU
		{7B30E449-6020-438E-AE49-03AD5D9A1A77}.Ad-Hoc|iPhone.Build.0 = Debug|Any CPU
		{7B30E449-6020-438E-AE49-03AD5D9A1A77}.Ad-Hoc|iPhoneSimulator.ActiveCfg = Debug|Any CPU
		{7B30E449-6020-438E-AE49-03AD5D9A1A77}.Ad-Hoc|iPhoneSimulator.Build.0 = Debug|Any CPU
		{7B30E449-6020-438E-AE49-03AD5D9A1A77}.AppStore|Any CPU.ActiveCfg = Debug|Any CPU
		{7B30E449-6020-438E-AE49-03AD5D9A1A77}.AppStore|Any CPU.Build.0 = Debug|Any CPU
		{7B30E449-6020-438E-AE49-03AD5D9A1A77}.AppStore|iPhone.ActiveCfg = Debug|Any CPU
		{7B30E449-6020-438E-AE49-03AD5D9A1A77}.AppStore|iPhone.Build.0 = Debug|Any CPU
		{7B30E449-6020-438E-AE49-03AD5D9A1A77}.AppStore|iPhoneSimulator.ActiveCfg = Debug|Any CPU
		{7B30E449-6020-438E-AE49-03AD5D9A1A77}.AppStore|iPhoneSimulator.Build.0 = Debug|Any CPU
		{7B30E449-6020-438E-AE49-03AD5D9A1A77}.Debug|Any CPU.ActiveCfg = Debug|Any CPU
		{7B30E449-6020-438E-AE49-03AD5D9A1A77}.Debug|Any CPU.Build.0 = Debug|Any CPU
		{7B30E449-6020-438E-AE49-03AD5D9A1A77}.Debug|iPhone.ActiveCfg = Debug|Any CPU
		{7B30E449-6020-438E-AE49-03AD5D9A1A77}.Debug|iPhone.Build.0 = Debug|Any CPU
		{7B30E449-6020-438E-AE49-03AD5D9A1A77}.Debug|iPhoneSimulator.ActiveCfg = Debug|Any CPU
		{7B30E449-6020-438E-AE49-03AD5D9A1A77}.Debug|iPhoneSimulator.Build.0 = Debug|Any CPU
		{7B30E449-6020-438E-AE49-03AD5D9A1A77}.Release|Any CPU.ActiveCfg = Release|Any CPU
		{7B30E449-6020-438E-AE49-03AD5D9A1A77}.Release|Any CPU.Build.0 = Release|Any CPU
		{7B30E449-6020-438E-AE49-03AD5D9A1A77}.Release|iPhone.ActiveCfg = Release|Any CPU
		{7B30E449-6020-438E-AE49-03AD5D9A1A77}.Release|iPhone.Build.0 = Release|Any CPU
		{7B30E449-6020-438E-AE49-03AD5D9A1A77}.Release|iPhoneSimulator.ActiveCfg = Release|Any CPU
		{7B30E449-6020-438E-AE49-03AD5D9A1A77}.Release|iPhoneSimulator.Build.0 = Release|Any CPU
		{C97363F2-9EDE-44B8-B9EE-8DBFA740FE41}.Ad-Hoc|Any CPU.ActiveCfg = Debug|Any CPU
		{C97363F2-9EDE-44B8-B9EE-8DBFA740FE41}.Ad-Hoc|Any CPU.Build.0 = Debug|Any CPU
		{C97363F2-9EDE-44B8-B9EE-8DBFA740FE41}.Ad-Hoc|Any CPU.Deploy.0 = Debug|Any CPU
		{C97363F2-9EDE-44B8-B9EE-8DBFA740FE41}.Ad-Hoc|iPhone.ActiveCfg = Debug|Any CPU
		{C97363F2-9EDE-44B8-B9EE-8DBFA740FE41}.Ad-Hoc|iPhone.Build.0 = Debug|Any CPU
		{C97363F2-9EDE-44B8-B9EE-8DBFA740FE41}.Ad-Hoc|iPhone.Deploy.0 = Debug|Any CPU
		{C97363F2-9EDE-44B8-B9EE-8DBFA740FE41}.Ad-Hoc|iPhoneSimulator.ActiveCfg = Debug|Any CPU
		{C97363F2-9EDE-44B8-B9EE-8DBFA740FE41}.Ad-Hoc|iPhoneSimulator.Build.0 = Debug|Any CPU
		{C97363F2-9EDE-44B8-B9EE-8DBFA740FE41}.Ad-Hoc|iPhoneSimulator.Deploy.0 = Debug|Any CPU
		{C97363F2-9EDE-44B8-B9EE-8DBFA740FE41}.AppStore|Any CPU.ActiveCfg = Debug|Any CPU
		{C97363F2-9EDE-44B8-B9EE-8DBFA740FE41}.AppStore|Any CPU.Build.0 = Debug|Any CPU
		{C97363F2-9EDE-44B8-B9EE-8DBFA740FE41}.AppStore|Any CPU.Deploy.0 = Debug|Any CPU
		{C97363F2-9EDE-44B8-B9EE-8DBFA740FE41}.AppStore|iPhone.ActiveCfg = Debug|Any CPU
		{C97363F2-9EDE-44B8-B9EE-8DBFA740FE41}.AppStore|iPhone.Build.0 = Debug|Any CPU
		{C97363F2-9EDE-44B8-B9EE-8DBFA740FE41}.AppStore|iPhone.Deploy.0 = Debug|Any CPU
		{C97363F2-9EDE-44B8-B9EE-8DBFA740FE41}.AppStore|iPhoneSimulator.ActiveCfg = Debug|Any CPU
		{C97363F2-9EDE-44B8-B9EE-8DBFA740FE41}.AppStore|iPhoneSimulator.Build.0 = Debug|Any CPU
		{C97363F2-9EDE-44B8-B9EE-8DBFA740FE41}.AppStore|iPhoneSimulator.Deploy.0 = Debug|Any CPU
		{C97363F2-9EDE-44B8-B9EE-8DBFA740FE41}.Debug|Any CPU.ActiveCfg = Debug|Any CPU
		{C97363F2-9EDE-44B8-B9EE-8DBFA740FE41}.Debug|Any CPU.Build.0 = Debug|Any CPU
		{C97363F2-9EDE-44B8-B9EE-8DBFA740FE41}.Debug|Any CPU.Deploy.0 = Debug|Any CPU
		{C97363F2-9EDE-44B8-B9EE-8DBFA740FE41}.Debug|iPhone.ActiveCfg = Debug|Any CPU
		{C97363F2-9EDE-44B8-B9EE-8DBFA740FE41}.Debug|iPhone.Build.0 = Debug|Any CPU
		{C97363F2-9EDE-44B8-B9EE-8DBFA740FE41}.Debug|iPhone.Deploy.0 = Debug|Any CPU
		{C97363F2-9EDE-44B8-B9EE-8DBFA740FE41}.Debug|iPhoneSimulator.ActiveCfg = Debug|Any CPU
		{C97363F2-9EDE-44B8-B9EE-8DBFA740FE41}.Debug|iPhoneSimulator.Build.0 = Debug|Any CPU
		{C97363F2-9EDE-44B8-B9EE-8DBFA740FE41}.Debug|iPhoneSimulator.Deploy.0 = Debug|Any CPU
		{C97363F2-9EDE-44B8-B9EE-8DBFA740FE41}.Release|Any CPU.ActiveCfg = Release|Any CPU
		{C97363F2-9EDE-44B8-B9EE-8DBFA740FE41}.Release|Any CPU.Build.0 = Release|Any CPU
		{C97363F2-9EDE-44B8-B9EE-8DBFA740FE41}.Release|Any CPU.Deploy.0 = Release|Any CPU
		{C97363F2-9EDE-44B8-B9EE-8DBFA740FE41}.Release|iPhone.ActiveCfg = Release|Any CPU
		{C97363F2-9EDE-44B8-B9EE-8DBFA740FE41}.Release|iPhone.Build.0 = Release|Any CPU
		{C97363F2-9EDE-44B8-B9EE-8DBFA740FE41}.Release|iPhone.Deploy.0 = Release|Any CPU
		{C97363F2-9EDE-44B8-B9EE-8DBFA740FE41}.Release|iPhoneSimulator.ActiveCfg = Release|Any CPU
		{C97363F2-9EDE-44B8-B9EE-8DBFA740FE41}.Release|iPhoneSimulator.Build.0 = Release|Any CPU
		{C97363F2-9EDE-44B8-B9EE-8DBFA740FE41}.Release|iPhoneSimulator.Deploy.0 = Release|Any CPU
		{55F9D735-75CC-42E4-B3EA-F9979131B8CB}.Ad-Hoc|Any CPU.ActiveCfg = Debug|iPhoneSimulator
		{55F9D735-75CC-42E4-B3EA-F9979131B8CB}.Ad-Hoc|Any CPU.Build.0 = Debug|iPhoneSimulator
		{55F9D735-75CC-42E4-B3EA-F9979131B8CB}.Ad-Hoc|iPhone.ActiveCfg = Debug|iPhone
		{55F9D735-75CC-42E4-B3EA-F9979131B8CB}.Ad-Hoc|iPhone.Build.0 = Debug|iPhone
		{55F9D735-75CC-42E4-B3EA-F9979131B8CB}.Ad-Hoc|iPhoneSimulator.ActiveCfg = Debug|iPhoneSimulator
		{55F9D735-75CC-42E4-B3EA-F9979131B8CB}.Ad-Hoc|iPhoneSimulator.Build.0 = Debug|iPhoneSimulator
		{55F9D735-75CC-42E4-B3EA-F9979131B8CB}.AppStore|Any CPU.ActiveCfg = Debug|iPhoneSimulator
		{55F9D735-75CC-42E4-B3EA-F9979131B8CB}.AppStore|Any CPU.Build.0 = Debug|iPhoneSimulator
		{55F9D735-75CC-42E4-B3EA-F9979131B8CB}.AppStore|iPhone.ActiveCfg = Debug|iPhone
		{55F9D735-75CC-42E4-B3EA-F9979131B8CB}.AppStore|iPhone.Build.0 = Debug|iPhone
		{55F9D735-75CC-42E4-B3EA-F9979131B8CB}.AppStore|iPhoneSimulator.ActiveCfg = Debug|iPhoneSimulator
		{55F9D735-75CC-42E4-B3EA-F9979131B8CB}.AppStore|iPhoneSimulator.Build.0 = Debug|iPhoneSimulator
		{55F9D735-75CC-42E4-B3EA-F9979131B8CB}.Debug|Any CPU.ActiveCfg = Debug|iPhoneSimulator
		{55F9D735-75CC-42E4-B3EA-F9979131B8CB}.Debug|iPhone.ActiveCfg = Debug|iPhone
		{55F9D735-75CC-42E4-B3EA-F9979131B8CB}.Debug|iPhone.Build.0 = Debug|iPhone
		{55F9D735-75CC-42E4-B3EA-F9979131B8CB}.Debug|iPhoneSimulator.ActiveCfg = Debug|iPhoneSimulator
		{55F9D735-75CC-42E4-B3EA-F9979131B8CB}.Debug|iPhoneSimulator.Build.0 = Debug|iPhoneSimulator
		{55F9D735-75CC-42E4-B3EA-F9979131B8CB}.Release|Any CPU.ActiveCfg = Release|iPhoneSimulator
		{55F9D735-75CC-42E4-B3EA-F9979131B8CB}.Release|iPhone.ActiveCfg = Release|iPhone
		{55F9D735-75CC-42E4-B3EA-F9979131B8CB}.Release|iPhone.Build.0 = Release|iPhone
		{55F9D735-75CC-42E4-B3EA-F9979131B8CB}.Release|iPhoneSimulator.ActiveCfg = Release|iPhoneSimulator
		{55F9D735-75CC-42E4-B3EA-F9979131B8CB}.Release|iPhoneSimulator.Build.0 = Release|iPhoneSimulator
		{C6028DD7-AD19-4226-8876-663E43B332D2}.Ad-Hoc|Any CPU.ActiveCfg = Debug|Any CPU
		{C6028DD7-AD19-4226-8876-663E43B332D2}.Ad-Hoc|Any CPU.Build.0 = Debug|Any CPU
		{C6028DD7-AD19-4226-8876-663E43B332D2}.Ad-Hoc|iPhone.ActiveCfg = Debug|Any CPU
		{C6028DD7-AD19-4226-8876-663E43B332D2}.Ad-Hoc|iPhone.Build.0 = Debug|Any CPU
		{C6028DD7-AD19-4226-8876-663E43B332D2}.Ad-Hoc|iPhoneSimulator.ActiveCfg = Debug|Any CPU
		{C6028DD7-AD19-4226-8876-663E43B332D2}.Ad-Hoc|iPhoneSimulator.Build.0 = Debug|Any CPU
		{C6028DD7-AD19-4226-8876-663E43B332D2}.AppStore|Any CPU.ActiveCfg = Debug|Any CPU
		{C6028DD7-AD19-4226-8876-663E43B332D2}.AppStore|Any CPU.Build.0 = Debug|Any CPU
		{C6028DD7-AD19-4226-8876-663E43B332D2}.AppStore|iPhone.ActiveCfg = Debug|Any CPU
		{C6028DD7-AD19-4226-8876-663E43B332D2}.AppStore|iPhone.Build.0 = Debug|Any CPU
		{C6028DD7-AD19-4226-8876-663E43B332D2}.AppStore|iPhoneSimulator.ActiveCfg = Debug|Any CPU
		{C6028DD7-AD19-4226-8876-663E43B332D2}.AppStore|iPhoneSimulator.Build.0 = Debug|Any CPU
		{C6028DD7-AD19-4226-8876-663E43B332D2}.Debug|Any CPU.ActiveCfg = Debug|Any CPU
		{C6028DD7-AD19-4226-8876-663E43B332D2}.Debug|Any CPU.Build.0 = Debug|Any CPU
		{C6028DD7-AD19-4226-8876-663E43B332D2}.Debug|iPhone.ActiveCfg = Debug|Any CPU
		{C6028DD7-AD19-4226-8876-663E43B332D2}.Debug|iPhone.Build.0 = Debug|Any CPU
		{C6028DD7-AD19-4226-8876-663E43B332D2}.Debug|iPhoneSimulator.ActiveCfg = Debug|Any CPU
		{C6028DD7-AD19-4226-8876-663E43B332D2}.Debug|iPhoneSimulator.Build.0 = Debug|Any CPU
		{C6028DD7-AD19-4226-8876-663E43B332D2}.Release|Any CPU.ActiveCfg = Release|Any CPU
		{C6028DD7-AD19-4226-8876-663E43B332D2}.Release|Any CPU.Build.0 = Release|Any CPU
		{C6028DD7-AD19-4226-8876-663E43B332D2}.Release|iPhone.ActiveCfg = Release|Any CPU
		{C6028DD7-AD19-4226-8876-663E43B332D2}.Release|iPhone.Build.0 = Release|Any CPU
		{C6028DD7-AD19-4226-8876-663E43B332D2}.Release|iPhoneSimulator.ActiveCfg = Release|Any CPU
		{C6028DD7-AD19-4226-8876-663E43B332D2}.Release|iPhoneSimulator.Build.0 = Release|Any CPU
		{F709E375-7253-4F4C-B721-83C0F5EE23FC}.Ad-Hoc|Any CPU.ActiveCfg = Debug|Any CPU
		{F709E375-7253-4F4C-B721-83C0F5EE23FC}.Ad-Hoc|Any CPU.Build.0 = Debug|Any CPU
		{F709E375-7253-4F4C-B721-83C0F5EE23FC}.Ad-Hoc|iPhone.ActiveCfg = Debug|Any CPU
		{F709E375-7253-4F4C-B721-83C0F5EE23FC}.Ad-Hoc|iPhone.Build.0 = Debug|Any CPU
		{F709E375-7253-4F4C-B721-83C0F5EE23FC}.Ad-Hoc|iPhoneSimulator.ActiveCfg = Debug|Any CPU
		{F709E375-7253-4F4C-B721-83C0F5EE23FC}.Ad-Hoc|iPhoneSimulator.Build.0 = Debug|Any CPU
		{F709E375-7253-4F4C-B721-83C0F5EE23FC}.AppStore|Any CPU.ActiveCfg = Debug|Any CPU
		{F709E375-7253-4F4C-B721-83C0F5EE23FC}.AppStore|Any CPU.Build.0 = Debug|Any CPU
		{F709E375-7253-4F4C-B721-83C0F5EE23FC}.AppStore|iPhone.ActiveCfg = Debug|Any CPU
		{F709E375-7253-4F4C-B721-83C0F5EE23FC}.AppStore|iPhone.Build.0 = Debug|Any CPU
		{F709E375-7253-4F4C-B721-83C0F5EE23FC}.AppStore|iPhoneSimulator.ActiveCfg = Debug|Any CPU
		{F709E375-7253-4F4C-B721-83C0F5EE23FC}.AppStore|iPhoneSimulator.Build.0 = Debug|Any CPU
		{F709E375-7253-4F4C-B721-83C0F5EE23FC}.Debug|Any CPU.ActiveCfg = Debug|Any CPU
		{F709E375-7253-4F4C-B721-83C0F5EE23FC}.Debug|Any CPU.Build.0 = Debug|Any CPU
		{F709E375-7253-4F4C-B721-83C0F5EE23FC}.Debug|iPhone.ActiveCfg = Debug|Any CPU
		{F709E375-7253-4F4C-B721-83C0F5EE23FC}.Debug|iPhone.Build.0 = Debug|Any CPU
		{F709E375-7253-4F4C-B721-83C0F5EE23FC}.Debug|iPhoneSimulator.ActiveCfg = Debug|Any CPU
		{F709E375-7253-4F4C-B721-83C0F5EE23FC}.Debug|iPhoneSimulator.Build.0 = Debug|Any CPU
		{F709E375-7253-4F4C-B721-83C0F5EE23FC}.Release|Any CPU.ActiveCfg = Release|Any CPU
		{F709E375-7253-4F4C-B721-83C0F5EE23FC}.Release|Any CPU.Build.0 = Release|Any CPU
		{F709E375-7253-4F4C-B721-83C0F5EE23FC}.Release|iPhone.ActiveCfg = Release|Any CPU
		{F709E375-7253-4F4C-B721-83C0F5EE23FC}.Release|iPhone.Build.0 = Release|Any CPU
		{F709E375-7253-4F4C-B721-83C0F5EE23FC}.Release|iPhoneSimulator.ActiveCfg = Release|Any CPU
		{F709E375-7253-4F4C-B721-83C0F5EE23FC}.Release|iPhoneSimulator.Build.0 = Release|Any CPU
	EndGlobalSection
	GlobalSection(SolutionProperties) = preSolution
		HideSolutionNode = FALSE
	EndGlobalSection
	GlobalSection(NestedProjects) = preSolution
		{BFECDC71-C5CE-4F01-B67F-F3F244F403DB} = {1E3ECC08-2093-49A0-80DE-66DA2E8F47B0}
		{C97363F2-9EDE-44B8-B9EE-8DBFA740FE41} = {BFECDC71-C5CE-4F01-B67F-F3F244F403DB}
		{55F9D735-75CC-42E4-B3EA-F9979131B8CB} = {BFECDC71-C5CE-4F01-B67F-F3F244F403DB}
		{C6028DD7-AD19-4226-8876-663E43B332D2} = {BFECDC71-C5CE-4F01-B67F-F3F244F403DB}
	EndGlobalSection
	GlobalSection(ExtensibilityGlobals) = postSolution
		SolutionGuid = {9B833CDA-80A5-4F78-9D67-84EDAAE0716C}
	EndGlobalSection
EndGlobal
